
Microsoft Visual Studio Solution File, Format Version 12.00
# Visual Studio Version 17
VisualStudioVersion = 17.8.34330.188
MinimumVisualStudioVersion = 10.0.40219.1
Project("{9A19103F-16F7-4668-BE54-9A1E7A4F7556}") = "9.1.1", "9.1.1\9.1.1.csproj", "{52DC3CB6-FF17-41D9-B464-C90644967437}"
EndProject
Project("{9A19103F-16F7-4668-BE54-9A1E7A4F7556}") = "9.1.2", "9.1.2\9.1.2.csproj", "{243DA223-4910-4C1E-BFBC-0A68D6E07D75}"
EndProject
Project("{9A19103F-16F7-4668-BE54-9A1E7A4F7556}") = "9.1.3", "9.1.3\9.1.3.csproj", "{A65F3F39-5E04-4942-9863-B642773BC993}"
EndProject
Project("{9A19103F-16F7-4668-BE54-9A1E7A4F7556}") = "9.2.1", "9.2.1\9.2.1.csproj", "{45ABEBBC-0AD5-4AF0-8ABD-2D3E3A9DED25}"
EndProject
Project("{9A19103F-16F7-4668-BE54-9A1E7A4F7556}") = "9.2.2", "9.2.2\9.2.2.csproj", "{7C6086DB-92D3-4E1A-AD5E-1EACAC9B89EB}"
EndProject
Project("{9A19103F-16F7-4668-BE54-9A1E7A4F7556}") = "9.3.1", "9.3.1\9.3.1.csproj", "{AAA5C37E-6153-45A4-94EF-995E7B436676}"
EndProject
Project("{9A19103F-16F7-4668-BE54-9A1E7A4F7556}") = "9.3.2", "9.3.2\9.3.2.csproj", "{25F6CBEB-AF98-4BF9-B69D-5ABF5BF0E441}"
EndProject
Project("{9A19103F-16F7-4668-BE54-9A1E7A4F7556}") = "9.4.1", "9.4.1\9.4.1.csproj", "{5B71A14B-7C33-4A49-9D5D-5E4DD1FFB2DB}"
EndProject
Project("{9A19103F-16F7-4668-BE54-9A1E7A4F7556}") = "9.4.2", "9.4.2\9.4.2.csproj", "{5BC488CD-17A6-44C6-A081-E5BA829EE670}"
EndProject
Project("{9A19103F-16F7-4668-BE54-9A1E7A4F7556}") = "9.5", "9.5\9.5.csproj", "{88CCB9FA-DC04-4BC7-9B02-0075407F2E6E}"
EndProject
Project("{9A19103F-16F7-4668-BE54-9A1E7A4F7556}") = "9.6.1", "9.6\9.6.1.csproj", "{93547322-EB10-44A7-96A0-DE575AB5750C}"
EndProject
Project("{9A19103F-16F7-4668-BE54-9A1E7A4F7556}") = "9.7.1", "9.7.1\9.7.1.csproj", "{87FE5E34-CB02-4E9D-9336-51973D0786B3}"
EndProject
Project("{9A19103F-16F7-4668-BE54-9A1E7A4F7556}") = "9.8.1", "9.8.1\9.8.1.csproj", "{115C50BF-E026-4419-B149-F73064AA7ED6}"
EndProject
Project("{9A19103F-16F7-4668-BE54-9A1E7A4F7556}") = "9.8.2", "9.8.2\9.8.2.csproj", "{1B6AA16B-6B7B-430E-B0AB-E2C678111B58}"
EndProject
Project("{9A19103F-16F7-4668-BE54-9A1E7A4F7556}") = "9.8.3", "9.8.3\9.8.3.csproj", "{F1F6CCB2-13A8-4E77-A439-78024B54A585}"
EndProject
Project("{9A19103F-16F7-4668-BE54-9A1E7A4F7556}") = "9.8.4", "9.8.4\9.8.4.csproj", "{E7A82498-B5FC-4884-BE96-E9ECBA1A029B}"
EndProject
Project("{9A19103F-16F7-4668-BE54-9A1E7A4F7556}") = "9.9.1", "9.9.1\9.9.1.csproj", "{B96E8132-F970-4241-BA50-AE310597DFC8}"
EndProject
Project("{9A19103F-16F7-4668-BE54-9A1E7A4F7556}") = "9.10.1", "9.10.1\9.10.1.csproj", "{FD6EFA7F-43DC-4602-8F6A-A831A0EA64E5}"
EndProject
Project("{9A19103F-16F7-4668-BE54-9A1E7A4F7556}") = "9.10.2", "9.10.2\9.10.2.csproj", "{2BBF375B-84F2-4312-AAE1-686B172AA005}"
EndProject
Project("{9A19103F-16F7-4668-BE54-9A1E7A4F7556}") = "9.12.1", "9.12.1\9.12.1.csproj", "{73334565-A30C-4D45-A013-6AC7FF7079CC}"
EndProject
Project("{9A19103F-16F7-4668-BE54-9A1E7A4F7556}") = "9.12.2", "9.12.2\9.12.2.csproj", "{95A16871-964D-406D-8BEE-75F900B76DE1}"
EndProject
Project("{9A19103F-16F7-4668-BE54-9A1E7A4F7556}") = "9.12.3", "9.12.3\9.12.3.csproj", "{5F6AFB23-8FCA-4AB4-896F-2BC86A626817}"
EndProject
Project("{9A19103F-16F7-4668-BE54-9A1E7A4F7556}") = "9.12.4", "9.12.4\9.12.4.csproj", "{A4A278CF-1B3E-47B6-B3BF-7408E24A3591}"
EndProject
Project("{9A19103F-16F7-4668-BE54-9A1E7A4F7556}") = "9.12.5", "9.12.5\9.12.5.csproj", "{0D9DC37A-FF98-4DF8-A586-ABA492097D97}"
EndProject
Global
	GlobalSection(SolutionConfigurationPlatforms) = preSolution
		Debug|Any CPU = Debug|Any CPU
		Release|Any CPU = Release|Any CPU
	EndGlobalSection
	GlobalSection(ProjectConfigurationPlatforms) = postSolution
		{52DC3CB6-FF17-41D9-B464-C90644967437}.Debug|Any CPU.ActiveCfg = Debug|Any CPU
		{52DC3CB6-FF17-41D9-B464-C90644967437}.Debug|Any CPU.Build.0 = Debug|Any CPU
		{52DC3CB6-FF17-41D9-B464-C90644967437}.Release|Any CPU.ActiveCfg = Release|Any CPU
		{52DC3CB6-FF17-41D9-B464-C90644967437}.Release|Any CPU.Build.0 = Release|Any CPU
		{243DA223-4910-4C1E-BFBC-0A68D6E07D75}.Debug|Any CPU.ActiveCfg = Debug|Any CPU
		{243DA223-4910-4C1E-BFBC-0A68D6E07D75}.Debug|Any CPU.Build.0 = Debug|Any CPU
		{243DA223-4910-4C1E-BFBC-0A68D6E07D75}.Release|Any CPU.ActiveCfg = Release|Any CPU
		{243DA223-4910-4C1E-BFBC-0A68D6E07D75}.Release|Any CPU.Build.0 = Release|Any CPU
		{A65F3F39-5E04-4942-9863-B642773BC993}.Debug|Any CPU.ActiveCfg = Debug|Any CPU
		{A65F3F39-5E04-4942-9863-B642773BC993}.Debug|Any CPU.Build.0 = Debug|Any CPU
		{A65F3F39-5E04-4942-9863-B642773BC993}.Release|Any CPU.ActiveCfg = Release|Any CPU
		{A65F3F39-5E04-4942-9863-B642773BC993}.Release|Any CPU.Build.0 = Release|Any CPU
		{45ABEBBC-0AD5-4AF0-8ABD-2D3E3A9DED25}.Debug|Any CPU.ActiveCfg = Debug|Any CPU
		{45ABEBBC-0AD5-4AF0-8ABD-2D3E3A9DED25}.Debug|Any CPU.Build.0 = Debug|Any CPU
		{45ABEBBC-0AD5-4AF0-8ABD-2D3E3A9DED25}.Release|Any CPU.ActiveCfg = Release|Any CPU
		{45ABEBBC-0AD5-4AF0-8ABD-2D3E3A9DED25}.Release|Any CPU.Build.0 = Release|Any CPU
		{7C6086DB-92D3-4E1A-AD5E-1EACAC9B89EB}.Debug|Any CPU.ActiveCfg = Debug|Any CPU
		{7C6086DB-92D3-4E1A-AD5E-1EACAC9B89EB}.Debug|Any CPU.Build.0 = Debug|Any CPU
		{7C6086DB-92D3-4E1A-AD5E-1EACAC9B89EB}.Release|Any CPU.ActiveCfg = Release|Any CPU
		{7C6086DB-92D3-4E1A-AD5E-1EACAC9B89EB}.Release|Any CPU.Build.0 = Release|Any CPU
		{AAA5C37E-6153-45A4-94EF-995E7B436676}.Debug|Any CPU.ActiveCfg = Debug|Any CPU
		{AAA5C37E-6153-45A4-94EF-995E7B436676}.Debug|Any CPU.Build.0 = Debug|Any CPU
		{AAA5C37E-6153-45A4-94EF-995E7B436676}.Release|Any CPU.ActiveCfg = Release|Any CPU
		{AAA5C37E-6153-45A4-94EF-995E7B436676}.Release|Any CPU.Build.0 = Release|Any CPU
		{25F6CBEB-AF98-4BF9-B69D-5ABF5BF0E441}.Debug|Any CPU.ActiveCfg = Debug|Any CPU
		{25F6CBEB-AF98-4BF9-B69D-5ABF5BF0E441}.Debug|Any CPU.Build.0 = Debug|Any CPU
		{25F6CBEB-AF98-4BF9-B69D-5ABF5BF0E441}.Release|Any CPU.ActiveCfg = Release|Any CPU
		{25F6CBEB-AF98-4BF9-B69D-5ABF5BF0E441}.Release|Any CPU.Build.0 = Release|Any CPU
		{5B71A14B-7C33-4A49-9D5D-5E4DD1FFB2DB}.Debug|Any CPU.ActiveCfg = Debug|Any CPU
		{5B71A14B-7C33-4A49-9D5D-5E4DD1FFB2DB}.Debug|Any CPU.Build.0 = Debug|Any CPU
		{5B71A14B-7C33-4A49-9D5D-5E4DD1FFB2DB}.Release|Any CPU.ActiveCfg = Release|Any CPU
		{5B71A14B-7C33-4A49-9D5D-5E4DD1FFB2DB}.Release|Any CPU.Build.0 = Release|Any CPU
		{5BC488CD-17A6-44C6-A081-E5BA829EE670}.Debug|Any CPU.ActiveCfg = Debug|Any CPU
		{5BC488CD-17A6-44C6-A081-E5BA829EE670}.Debug|Any CPU.Build.0 = Debug|Any CPU
		{5BC488CD-17A6-44C6-A081-E5BA829EE670}.Release|Any CPU.ActiveCfg = Release|Any CPU
		{5BC488CD-17A6-44C6-A081-E5BA829EE670}.Release|Any CPU.Build.0 = Release|Any CPU
		{88CCB9FA-DC04-4BC7-9B02-0075407F2E6E}.Debug|Any CPU.ActiveCfg = Debug|Any CPU
		{88CCB9FA-DC04-4BC7-9B02-0075407F2E6E}.Debug|Any CPU.Build.0 = Debug|Any CPU
		{88CCB9FA-DC04-4BC7-9B02-0075407F2E6E}.Release|Any CPU.ActiveCfg = Release|Any CPU
		{88CCB9FA-DC04-4BC7-9B02-0075407F2E6E}.Release|Any CPU.Build.0 = Release|Any CPU
		{93547322-EB10-44A7-96A0-DE575AB5750C}.Debug|Any CPU.ActiveCfg = Debug|Any CPU
		{93547322-EB10-44A7-96A0-DE575AB5750C}.Debug|Any CPU.Build.0 = Debug|Any CPU
		{93547322-EB10-44A7-96A0-DE575AB5750C}.Release|Any CPU.ActiveCfg = Release|Any CPU
		{93547322-EB10-44A7-96A0-DE575AB5750C}.Release|Any CPU.Build.0 = Release|Any CPU
		{87FE5E34-CB02-4E9D-9336-51973D0786B3}.Debug|Any CPU.ActiveCfg = Debug|Any CPU
		{87FE5E34-CB02-4E9D-9336-51973D0786B3}.Debug|Any CPU.Build.0 = Debug|Any CPU
		{87FE5E34-CB02-4E9D-9336-51973D0786B3}.Release|Any CPU.ActiveCfg = Release|Any CPU
		{87FE5E34-CB02-4E9D-9336-51973D0786B3}.Release|Any CPU.Build.0 = Release|Any CPU
		{115C50BF-E026-4419-B149-F73064AA7ED6}.Debug|Any CPU.ActiveCfg = Debug|Any CPU
		{115C50BF-E026-4419-B149-F73064AA7ED6}.Debug|Any CPU.Build.0 = Debug|Any CPU
		{115C50BF-E026-4419-B149-F73064AA7ED6}.Release|Any CPU.ActiveCfg = Release|Any CPU
		{115C50BF-E026-4419-B149-F73064AA7ED6}.Release|Any CPU.Build.0 = Release|Any CPU
		{1B6AA16B-6B7B-430E-B0AB-E2C678111B58}.Debug|Any CPU.ActiveCfg = Debug|Any CPU
		{1B6AA16B-6B7B-430E-B0AB-E2C678111B58}.Debug|Any CPU.Build.0 = Debug|Any CPU
		{1B6AA16B-6B7B-430E-B0AB-E2C678111B58}.Release|Any CPU.ActiveCfg = Release|Any CPU
		{1B6AA16B-6B7B-430E-B0AB-E2C678111B58}.Release|Any CPU.Build.0 = Release|Any CPU
		{F1F6CCB2-13A8-4E77-A439-78024B54A585}.Debug|Any CPU.ActiveCfg = Debug|Any CPU
		{F1F6CCB2-13A8-4E77-A439-78024B54A585}.Debug|Any CPU.Build.0 = Debug|Any CPU
		{F1F6CCB2-13A8-4E77-A439-78024B54A585}.Release|Any CPU.ActiveCfg = Release|Any CPU
		{F1F6CCB2-13A8-4E77-A439-78024B54A585}.Release|Any CPU.Build.0 = Release|Any CPU
		{E7A82498-B5FC-4884-BE96-E9ECBA1A029B}.Debug|Any CPU.ActiveCfg = Debug|Any CPU
		{E7A82498-B5FC-4884-BE96-E9ECBA1A029B}.Debug|Any CPU.Build.0 = Debug|Any CPU
		{E7A82498-B5FC-4884-BE96-E9ECBA1A029B}.Release|Any CPU.ActiveCfg = Release|Any CPU
		{E7A82498-B5FC-4884-BE96-E9ECBA1A029B}.Release|Any CPU.Build.0 = Release|Any CPU
		{B96E8132-F970-4241-BA50-AE310597DFC8}.Debug|Any CPU.ActiveCfg = Debug|Any CPU
		{B96E8132-F970-4241-BA50-AE310597DFC8}.Debug|Any CPU.Build.0 = Debug|Any CPU
		{B96E8132-F970-4241-BA50-AE310597DFC8}.Release|Any CPU.ActiveCfg = Release|Any CPU
		{B96E8132-F970-4241-BA50-AE310597DFC8}.Release|Any CPU.Build.0 = Release|Any CPU
		{FD6EFA7F-43DC-4602-8F6A-A831A0EA64E5}.Debug|Any CPU.ActiveCfg = Debug|Any CPU
		{FD6EFA7F-43DC-4602-8F6A-A831A0EA64E5}.Debug|Any CPU.Build.0 = Debug|Any CPU
		{FD6EFA7F-43DC-4602-8F6A-A831A0EA64E5}.Release|Any CPU.ActiveCfg = Release|Any CPU
		{FD6EFA7F-43DC-4602-8F6A-A831A0EA64E5}.Release|Any CPU.Build.0 = Release|Any CPU
		{2BBF375B-84F2-4312-AAE1-686B172AA005}.Debug|Any CPU.ActiveCfg = Debug|Any CPU
		{2BBF375B-84F2-4312-AAE1-686B172AA005}.Debug|Any CPU.Build.0 = Debug|Any CPU
		{2BBF375B-84F2-4312-AAE1-686B172AA005}.Release|Any CPU.ActiveCfg = Release|Any CPU
		{2BBF375B-84F2-4312-AAE1-686B172AA005}.Release|Any CPU.Build.0 = Release|Any CPU
		{73334565-A30C-4D45-A013-6AC7FF7079CC}.Debug|Any CPU.ActiveCfg = Debug|Any CPU
		{73334565-A30C-4D45-A013-6AC7FF7079CC}.Debug|Any CPU.Build.0 = Debug|Any CPU
		{73334565-A30C-4D45-A013-6AC7FF7079CC}.Release|Any CPU.ActiveCfg = Release|Any CPU
		{73334565-A30C-4D45-A013-6AC7FF7079CC}.Release|Any CPU.Build.0 = Release|Any CPU
		{95A16871-964D-406D-8BEE-75F900B76DE1}.Debug|Any CPU.ActiveCfg = Debug|Any CPU
		{95A16871-964D-406D-8BEE-75F900B76DE1}.Debug|Any CPU.Build.0 = Debug|Any CPU
		{95A16871-964D-406D-8BEE-75F900B76DE1}.Release|Any CPU.ActiveCfg = Release|Any CPU
		{95A16871-964D-406D-8BEE-75F900B76DE1}.Release|Any CPU.Build.0 = Release|Any CPU
		{5F6AFB23-8FCA-4AB4-896F-2BC86A626817}.Debug|Any CPU.ActiveCfg = Debug|Any CPU
		{5F6AFB23-8FCA-4AB4-896F-2BC86A626817}.Debug|Any CPU.Build.0 = Debug|Any CPU
		{5F6AFB23-8FCA-4AB4-896F-2BC86A626817}.Release|Any CPU.ActiveCfg = Release|Any CPU
		{5F6AFB23-8FCA-4AB4-896F-2BC86A626817}.Release|Any CPU.Build.0 = Release|Any CPU
		{A4A278CF-1B3E-47B6-B3BF-7408E24A3591}.Debug|Any CPU.ActiveCfg = Debug|Any CPU
		{A4A278CF-1B3E-47B6-B3BF-7408E24A3591}.Debug|Any CPU.Build.0 = Debug|Any CPU
		{A4A278CF-1B3E-47B6-B3BF-7408E24A3591}.Release|Any CPU.ActiveCfg = Release|Any CPU
		{A4A278CF-1B3E-47B6-B3BF-7408E24A3591}.Release|Any CPU.Build.0 = Release|Any CPU
		{0D9DC37A-FF98-4DF8-A586-ABA492097D97}.Debug|Any CPU.ActiveCfg = Debug|Any CPU
		{0D9DC37A-FF98-4DF8-A586-ABA492097D97}.Debug|Any CPU.Build.0 = Debug|Any CPU
		{0D9DC37A-FF98-4DF8-A586-ABA492097D97}.Release|Any CPU.ActiveCfg = Release|Any CPU
		{0D9DC37A-FF98-4DF8-A586-ABA492097D97}.Release|Any CPU.Build.0 = Release|Any CPU
	EndGlobalSection
	GlobalSection(SolutionProperties) = preSolution
		HideSolutionNode = FALSE
	EndGlobalSection
	GlobalSection(ExtensibilityGlobals) = postSolution
		SolutionGuid = {58A538F8-0B29-4350-A523-D7DAAB70954D}
	EndGlobalSection
EndGlobal
